
Microsoft Visual Studio Solution File, Format Version 12.00
# Visual Studio Version 16
VisualStudioVersion = 16.0.29209.62
MinimumVisualStudioVersion = 10.0.40219.1
Project("{FAE04EC0-301F-11D3-BF4B-00C04F79EFBC}") = "VideoStitchSample", "VideoStitchSample\VideoStitchSample.csproj", "{6DE50E10-AE37-442D-986A-B0F119271DE1}"
EndProject
Global
	GlobalSection(SolutionConfigurationPlatforms) = preSolution
		Debug|Any CPU = Debug|Any CPU
		Release|Any CPU = Release|Any CPU
	EndGlobalSection
	GlobalSection(ProjectConfigurationPlatforms) = postSolution
		{6DE50E10-AE37-442D-986A-B0F119271DE1}.Debug|Any CPU.ActiveCfg = Debug|Any CPU
		{6DE50E10-AE37-442D-986A-B0F119271DE1}.Debug|Any CPU.Build.0 = Debug|Any CPU
		{6DE50E10-AE37-442D-986A-B0F119271DE1}.Release|Any CPU.ActiveCfg = Release|Any CPU
		{6DE50E10-AE37-442D-986A-B0F119271DE1}.Release|Any CPU.Build.0 = Release|Any CPU
	EndGlobalSection
	GlobalSection(SolutionProperties) = preSolution
		HideSolutionNode = FALSE
	EndGlobalSection
	GlobalSection(ExtensibilityGlobals) = postSolution
		SolutionGuid = {304E19ED-F09A-4211-A153-8EEECA918BF6}
	EndGlobalSection
EndGlobal
